<?xml version="1.0" encoding="utf-8"?>
<Project ToolsVersion="4.0" xmlns="http://schemas.microsoft.com/developer/msbuild/2003">
  <ItemGroup>
    <Filter Include="Gameplay">
      <UniqueIdentifier>{960b6e9d-ce87-4f51-97f1-2e293af9bfc3}</UniqueIdentifier>
    </Filter>
    <Filter Include="Document">
      <UniqueIdentifier>{8f6262e8-8950-43f3-a0f7-ee09a9ca5217}</UniqueIdentifier>
    </Filter>
    <Filter Include="Framework">
      <UniqueIdentifier>{4FC737F1-C7A5-4376-A066-2A32D752A2FF}</UniqueIdentifier>
      <Extensions>cpp;c;cc;cxx;c++;cppm;ixx;def;odl;idl;hpj;bat;asm;asmx</Extensions>
    </Filter>
    <Filter Include="Subsystem">
      <UniqueIdentifier>{8426af66-dfd7-4c82-92cc-127a885b31ed}</UniqueIdentifier>
    </Filter>
    <Filter Include="Subsystem\Light">
      <UniqueIdentifier>{5bbbd4fc-9984-4f94-8118-657dfacd0a1f}</UniqueIdentifier>
    </Filter>
    <Filter Include="Definition">
      <UniqueIdentifier>{c9b7dcf2-8880-469c-a068-95df674abf22}</UniqueIdentifier>
    </Filter>
  </ItemGroup>
  <ItemGroup>
    <ClCompile Include="Definition/BlockDefinition.cpp">
      <Filter>Framework</Filter>
    </ClCompile>
    <ClCompile Include="Framework/App.cpp">
      <Filter>Framework</Filter>
    </ClCompile>
    <ClCompile Include="Framework/Block.cpp">
      <Filter>Framework</Filter>
    </ClCompile>
    <ClCompile Include="Framework/BlockIterator.cpp">
      <Filter>Framework</Filter>
    </ClCompile>
    <ClCompile Include="Framework/Chunk.cpp">
      <Filter>Framework</Filter>
    </ClCompile>
    <ClCompile Include="Framework/GameCommon.cpp">
      <Filter>Framework</Filter>
    </ClCompile>
    <ClCompile Include="Framework/Main_Windows.cpp">
      <Filter>Framework</Filter>
    </ClCompile>
    <ClCompile Include="Gameplay/Entity.cpp">
      <Filter>Framework</Filter>
    </ClCompile>
    <ClCompile Include="Gameplay/Game.cpp">
      <Filter>Framework</Filter>
    </ClCompile>
    <ClCompile Include="Gameplay/Player.cpp">
      <Filter>Framework</Filter>
    </ClCompile>
    <ClCompile Include="Gameplay/Prop.cpp">
      <Filter>Framework</Filter>
    </ClCompile>
    <ClCompile Include="Gameplay/World.cpp">
      <Filter>Framework</Filter>
    </ClCompile>
    <ClCompile Include="Subsystem/Light/LightSubsystem.cpp">
      <Filter>Framework</Filter>
    </ClCompile>
  </ItemGroup>
  <ItemGroup>
    <ClInclude Include="EngineBuildPreferences.hpp">
      <Filter>Framework</Filter>
    </ClInclude>
    <ClInclude Include="Definition/BlockDefinition.hpp" />
    <ClInclude Include="Framework/App.hpp" />
    <ClInclude Include="Framework/Block.hpp" />
    <ClInclude Include="Framework/BlockIterator.hpp" />
    <ClInclude Include="Framework/Chunk.hpp" />
    <ClInclude Include="Framework/GameCommon.hpp" />
    <ClInclude Include="Gameplay/Entity.hpp" />
    <ClInclude Include="Gameplay/Game.hpp" />
    <ClInclude Include="Gameplay/Player.hpp" />
    <ClInclude Include="Gameplay/Prop.hpp" />
    <ClInclude Include="Gameplay/World.hpp" />
    <ClInclude Include="Subsystem/Light/LightSubsystem.hpp" />
  </ItemGroup>
  <ItemGroup>
    <None Include="../../Docs/README.md" />
  </ItemGroup>
</Project>